// !$*UTF8*$!
{
	archiveVersion = 1;
	classes = {
	};
	objectVersion = 55;
	objects = {

/* Begin PBXBuildFile section */
		F1466EB4C30BDF3B529FD535 /* Pods_fireBasePrac.framework in Frameworks */ = {isa = PBXBuildFile; fileRef = 1B6FC8EF1A41DE249AB6EEBB /* Pods_fireBasePrac.framework */; };
		F639099A2818901D00266485 /* GoogleService-Info.plist in Resources */ = {isa = PBXBuildFile; fileRef = F63909992818901D00266485 /* GoogleService-Info.plist */; };
		F6CAA35328188CB4002A630E /* AppDelegate.swift in Sources */ = {isa = PBXBuildFile; fileRef = F6CAA35228188CB4002A630E /* AppDelegate.swift */; };
		F6CAA35528188CB4002A630E /* SceneDelegate.swift in Sources */ = {isa = PBXBuildFile; fileRef = F6CAA35428188CB4002A630E /* SceneDelegate.swift */; };
		F6CAA35728188CB4002A630E /* ViewController.swift in Sources */ = {isa = PBXBuildFile; fileRef = F6CAA35628188CB4002A630E /* ViewController.swift */; };
		F6CAA35A28188CB4002A630E /* Main.storyboard in Resources */ = {isa = PBXBuildFile; fileRef = F6CAA35828188CB4002A630E /* Main.storyboard */; };
		F6CAA35C28188CB6002A630E /* Assets.xcassets in Resources */ = {isa = PBXBuildFile; fileRef = F6CAA35B28188CB6002A630E /* Assets.xcassets */; };
		F6CAA35F28188CB6002A630E /* LaunchScreen.storyboard in Resources */ = {isa = PBXBuildFile; fileRef = F6CAA35D28188CB6002A630E /* LaunchScreen.storyboard */; };
/* End PBXBuildFile section */

/* Begin PBXFileReference section */
		1B6FC8EF1A41DE249AB6EEBB /* Pods_fireBasePrac.framework */ = {isa = PBXFileReference; explicitFileType = wrapper.framework; includeInIndex = 0; path = Pods_fireBasePrac.framework; sourceTree = BUILT_PRODUCTS_DIR; };
		464CD1A2FA05034E34208A87 /* Pods-fireBasePrac.release.xcconfig */ = {isa = PBXFileReference; includeInIndex = 1; lastKnownFileType = text.xcconfig; name = "Pods-fireBasePrac.release.xcconfig"; path = "Target Support Files/Pods-fireBasePrac/Pods-fireBasePrac.release.xcconfig"; sourceTree = "<group>"; };
		7CFF0BA4D7F6F32CA0AA52AF /* Pods-fireBasePrac.debug.xcconfig */ = {isa = PBXFileReference; includeInIndex = 1; lastKnownFileType = text.xcconfig; name = "Pods-fireBasePrac.debug.xcconfig"; path = "Target Support Files/Pods-fireBasePrac/Pods-fireBasePrac.debug.xcconfig"; sourceTree = "<group>"; };
		F63909992818901D00266485 /* GoogleService-Info.plist */ = {isa = PBXFileReference; fileEncoding = 4; lastKnownFileType = text.plist.xml; path = "GoogleService-Info.plist"; sourceTree = "<group>"; };
		F6CAA34F28188CB4002A630E /* fireBasePrac.app */ = {isa = PBXFileReference; explicitFileType = wrapper.application; includeInIndex = 0; path = fireBasePrac.app; sourceTree = BUILT_PRODUCTS_DIR; };
		F6CAA35228188CB4002A630E /* AppDelegate.swift */ = {isa = PBXFileReference; lastKnownFileType = sourcecode.swift; path = AppDelegate.swift; sourceTree = "<group>"; };
		F6CAA35428188CB4002A630E /* SceneDelegate.swift */ = {isa = PBXFileReference; lastKnownFileType = sourcecode.swift; path = SceneDelegate.swift; sourceTree = "<group>"; };
		F6CAA35628188CB4002A630E /* ViewController.swift */ = {isa = PBXFileReference; lastKnownFileType = sourcecode.swift; path = ViewController.swift; sourceTree = "<group>"; };
		F6CAA35928188CB4002A630E /* Base */ = {isa = PBXFileReference; lastKnownFileType = file.storyboard; name = Base; path = Base.lproj/Main.storyboard; sourceTree = "<group>"; };
		F6CAA35B28188CB6002A630E /* Assets.xcassets */ = {isa = PBXFileReference; lastKnownFileType = folder.assetcatalog; path = Assets.xcassets; sourceTree = "<group>"; };
		F6CAA35E28188CB6002A630E /* Base */ = {isa = PBXFileReference; lastKnownFileType = file.storyboard; name = Base; path = Base.lproj/LaunchScreen.storyboard; sourceTree = "<group>"; };
		F6CAA36028188CB6002A630E /* Info.plist */ = {isa = PBXFileReference; lastKnownFileType = text.plist.xml; path = Info.plist; sourceTree = "<group>"; };
/* End PBXFileReference section */

/* Begin PBXFrameworksBuildPhase section */
		F6CAA34C28188CB4002A630E /* Frameworks */ = {
			isa = PBXFrameworksBuildPhase;
			buildActionMask = 2147483647;
			files = (
				F1466EB4C30BDF3B529FD535 /* Pods_fireBasePrac.framework in Frameworks */,
			);
			runOnlyForDeploymentPostprocessing = 0;
		};
/* End PBXFrameworksBuildPhase section */

/* Begin PBXGroup section */
		5FA4B7D8B756A0DC05F0457D /* Frameworks */ = {
			isa = PBXGroup;
			children = (
				1B6FC8EF1A41DE249AB6EEBB /* Pods_fireBasePrac.framework */,
			);
			name = Frameworks;
			sourceTree = "<group>";
		};
		CCE7D946E21056EBA6BF601B /* Pods */ = {
			isa = PBXGroup;
			children = (
				7CFF0BA4D7F6F32CA0AA52AF /* Pods-fireBasePrac.debug.xcconfig */,
				464CD1A2FA05034E34208A87 /* Pods-fireBasePrac.release.xcconfig */,
			);
			path = Pods;
			sourceTree = "<group>";
		};
		F6CAA34628188CB4002A630E = {
			isa = PBXGroup;
			children = (
				F6CAA35128188CB4002A630E /* fireBasePrac */,
				F6CAA35028188CB4002A630E /* Products */,
				CCE7D946E21056EBA6BF601B /* Pods */,
				5FA4B7D8B756A0DC05F0457D /* Frameworks */,
			);
			sourceTree = "<group>";
		};
		F6CAA35028188CB4002A630E /* Products */ = {
			isa = PBXGroup;
			children = (
				F6CAA34F28188CB4002A630E /* fireBasePrac.app */,
			);
			name = Products;
			sourceTree = "<group>";
		};
		F6CAA35128188CB4002A630E /* fireBasePrac */ = {
			isa = PBXGroup;
			children = (
				F6CAA35228188CB4002A630E /* AppDelegate.swift */,
				F6CAA35428188CB4002A630E /* SceneDelegate.swift */,
				F6CAA35628188CB4002A630E /* ViewController.swift */,
				F6CAA35828188CB4002A630E /* Main.storyboard */,
				F6CAA35B28188CB6002A630E /* Assets.xcassets */,
				F6CAA35D28188CB6002A630E /* LaunchScreen.storyboard */,
				F63909992818901D00266485 /* GoogleService-Info.plist */,
				F6CAA36028188CB6002A630E /* Info.plist */,
			);
			path = fireBasePrac;
			sourceTree = "<group>";
		};
/* End PBXGroup section */

/* Begin PBXNativeTarget section */
		F6CAA34E28188CB4002A630E /* fireBasePrac */ = {
			isa = PBXNativeTarget;
			buildConfigurationList = F6CAA36328188CB6002A630E /* Build configuration list for PBXNativeTarget "fireBasePrac" */;
			buildPhases = (
				E7974A2BABE52A4922125B86 /* [CP] Check Pods Manifest.lock */,
				F6CAA34B28188CB4002A630E /* Sources */,
				F6CAA34C28188CB4002A630E /* Frameworks */,
				F6CAA34D28188CB4002A630E /* Resources */,
				A3604B1C54C406718F6DEB99 /* [CP] Embed Pods Frameworks */,
			);
			buildRules = (
			);
			dependencies = (
			);
			name = fireBasePrac;
			productName = fireBasePrac;
			productReference = F6CAA34F28188CB4002A630E /* fireBasePrac.app */;
			productType = "com.apple.product-type.application";
		};
/* End PBXNativeTarget section */

/* Begin PBXProject section */
		F6CAA34728188CB4002A630E /* Project object */ = {
			isa = PBXProject;
			attributes = {
				BuildIndependentTargetsInParallel = 1;
				LastSwiftUpdateCheck = 1320;
				LastUpgradeCheck = 1320;
				TargetAttributes = {
					F6CAA34E28188CB4002A630E = {
						CreatedOnToolsVersion = 13.2.1;
					};
				};
			};
			buildConfigurationList = F6CAA34A28188CB4002A630E /* Build configuration list for PBXProject "fireBasePrac" */;
			compatibilityVersion = "Xcode 13.0";
			developmentRegion = en;
			hasScannedForEncodings = 0;
			knownRegions = (
				en,
				Base,
			);
			mainGroup = F6CAA34628188CB4002A630E;
			productRefGroup = F6CAA35028188CB4002A630E /* Products */;
			projectDirPath = "";
			projectRoot = "";
			targets = (
				F6CAA34E28188CB4002A630E /* fireBasePrac */,
			);
		};
/* End PBXProject section */

/* Begin PBXResourcesBuildPhase section */
		F6CAA34D28188CB4002A630E /* Resources */ = {
			isa = PBXResourcesBuildPhase;
			buildActionMask = 2147483647;
			files = (
				F6CAA35F28188CB6002A630E /* LaunchScreen.storyboard in Resources */,
				F639099A2818901D00266485 /* GoogleService-Info.plist in Resources */,
				F6CAA35C28188CB6002A630E /* Assets.xcassets in Resources */,
				F6CAA35A28188CB4002A630E /* Main.storyboard in Resources */,
			);
			runOnlyForDeploymentPostprocessing = 0;
		};
/* End PBXResourcesBuildPhase section */

/* Begin PBXShellScriptBuildPhase section */
		A3604B1C54C406718F6DEB99 /* [CP] Embed Pods Frameworks */ = {
			isa = PBXShellScriptBuildPhase;
			buildActionMask = 2147483647;
			files = (
			);
			inputFileListPaths = (
				"${PODS_ROOT}/Target Support Files/Pods-fireBasePrac/Pods-fireBasePrac-frameworks-${CONFIGURATION}-input-files.xcfilelist",
			);
			name = "[CP] Embed Pods Frameworks";
			outputFileListPaths = (
				"${PODS_ROOT}/Target Support Files/Pods-fireBasePrac/Pods-fireBasePrac-frameworks-${CONFIGURATION}-output-files.xcfilelist",
			);
			runOnlyForDeploymentPostprocessing = 0;
			shellPath = /bin/sh;
			shellScript = "\"${PODS_ROOT}/Target Support Files/Pods-fireBasePrac/Pods-fireBasePrac-frameworks.sh\"\n";
			showEnvVarsInLog = 0;
		};
		E7974A2BABE52A4922125B86 /* [CP] Check Pods Manifest.lock */ = {
			isa = PBXShellScriptBuildPhase;
			buildActionMask = 2147483647;
			files = (
			);
			inputFileListPaths = (
			);
			inputPaths = (
				"${PODS_PODFILE_DIR_PATH}/Podfile.lock",
				"${PODS_ROOT}/Manifest.lock",
			);
			name = "[CP] Check Pods Manifest.lock";
			outputFileListPaths = (
			);
			outputPaths = (
				"$(DERIVED_FILE_DIR)/Pods-fireBasePrac-checkManifestLockResult.txt",
			);
			runOnlyForDeploymentPostprocessing = 0;
			shellPath = /bin/sh;
			shellScript = "diff \"${PODS_PODFILE_DIR_PATH}/Podfile.lock\" \"${PODS_ROOT}/Manifest.lock\" > /dev/null\nif [ $? != 0 ] ; then\n    # print error to STDERR\n    echo \"error: The sandbox is not in sync with the Podfile.lock. Run 'pod install' or update your CocoaPods installation.\" >&2\n    exit 1\nfi\n# This output is used by Xcode 'outputs' to avoid re-running this script phase.\necho \"SUCCESS\" > \"${SCRIPT_OUTPUT_FILE_0}\"\n";
			showEnvVarsInLog = 0;
		};
/* End PBXShellScriptBuildPhase section */

/* Begin PBXSourcesBuildPhase section */
		F6CAA34B28188CB4002A630E /* Sources */ = {
			isa = PBXSourcesBuildPhase;
			buildActionMask = 2147483647;
			files = (
				F6CAA35728188CB4002A630E /* ViewController.swift in Sources */,
				F6CAA35328188CB4002A630E /* AppDelegate.swift in Sources */,
				F6CAA35528188CB4002A630E /* SceneDelegate.swift in Sources */,
			);
			runOnlyForDeploymentPostprocessing = 0;
		};
/* End PBXSourcesBuildPhase section */

/* Begin PBXVariantGroup section */
		F6CAA35828188CB4002A630E /* Main.storyboard */ = {
			isa = PBXVariantGroup;
			children = (
				F6CAA35928188CB4002A630E /* Base */,
			);
			name = Main.storyboard;
			sourceTree = "<group>";
		};
		F6CAA35D28188CB6002A630E /* LaunchScreen.storyboard */ = {
			isa = PBXVariantGroup;
			children = (
				F6CAA35E28188CB6002A630E /* Base */,
			);
			name = LaunchScreen.storyboard;
			sourceTree = "<group>";
		};
/* End PBXVariantGroup section */

/* Begin XCBuildConfiguration section */
		F6CAA36128188CB6002A630E /* Debug */ = {
			isa = XCBuildConfiguration;
			buildSettings = {
				ALWAYS_SEARCH_USER_PATHS = NO;
				CLANG_ANALYZER_NONNULL = YES;
				CLANG_ANALYZER_NUMBER_OBJECT_CONVERSION = YES_AGGRESSIVE;
				CLANG_CXX_LANGUAGE_STANDARD = "gnu++17";
				CLANG_CXX_LIBRARY = "libc++";
				CLANG_ENABLE_MODULES = YES;
				CLANG_ENABLE_OBJC_ARC = YES;
				CLANG_ENABLE_OBJC_WEAK = YES;
				CLANG_WARN_BLOCK_CAPTURE_AUTORELEASING = YES;
				CLANG_WARN_BOOL_CONVERSION = YES;
				CLANG_WARN_COMMA = YES;
				CLANG_WARN_CONSTANT_CONVERSION = YES;
				CLANG_WARN_DEPRECATED_OBJC_IMPLEMENTATIONS = YES;
				CLANG_WARN_DIRECT_OBJC_ISA_USAGE = YES_ERROR;
				CLANG_WARN_DOCUMENTATION_COMMENTS = YES;
				CLANG_WARN_EMPTY_BODY = YES;
				CLANG_WARN_ENUM_CONVERSION = YES;
				CLANG_WARN_INFINITE_RECURSION = YES;
				CLANG_WARN_INT_CONVERSION = YES;
				CLANG_WARN_NON_LITERAL_NULL_CONVERSION = YES;
				CLANG_WARN_OBJC_IMPLICIT_RETAIN_SELF = YES;
				CLANG_WARN_OBJC_LITERAL_CONVERSION = YES;
				CLANG_WARN_OBJC_ROOT_CLASS = YES_ERROR;
				CLANG_WARN_QUOTED_INCLUDE_IN_FRAMEWORK_HEADER = YES;
				CLANG_WARN_RANGE_LOOP_ANALYSIS = YES;
				CLANG_WARN_STRICT_PROTOTYPES = YES;
				CLANG_WARN_SUSPICIOUS_MOVE = YES;
				CLANG_WARN_UNGUARDED_AVAILABILITY = YES_AGGRESSIVE;
				CLANG_WARN_UNREACHABLE_CODE = YES;
				CLANG_WARN__DUPLICATE_METHOD_MATCH = YES;
				COPY_PHASE_STRIP = NO;
				DEBUG_INFORMATION_FORMAT = dwarf;
				ENABLE_STRICT_OBJC_MSGSEND = YES;
				ENABLE_TESTABILITY = YES;
				GCC_C_LANGUAGE_STANDARD = gnu11;
				GCC_DYNAMIC_NO_PIC = NO;
				GCC_NO_COMMON_BLOCKS = YES;
				GCC_OPTIMIZATION_LEVEL = 0;
				GCC_PREPROCESSOR_DEFINITIONS = (
					"DEBUG=1",
					"$(inherited)",
				);
				GCC_WARN_64_TO_32_BIT_CONVERSION = YES;
				GCC_WARN_ABOUT_RETURN_TYPE = YES_ERROR;
				GCC_WARN_UNDECLARED_SELECTOR = YES;
				GCC_WARN_UNINITIALIZED_AUTOS = YES_AGGRESSIVE;
				GCC_WARN_UNUSED_FUNCTION = YES;
				GCC_WARN_UNUSED_VARIABLE = YES;
				IPHONEOS_DEPLOYMENT_TARGET = 15.2;
				MTL_ENABLE_DEBUG_INFO = INCLUDE_SOURCE;
				MTL_FAST_MATH = YES;
				ONLY_ACTIVE_ARCH = YES;
				SDKROOT = iphoneos;
				SWIFT_ACTIVE_COMPILATION_CONDITIONS = DEBUG;
				SWIFT_OPTIMIZATION_LEVEL = "-Onone";
			};
			name = Debug;
		};
		F6CAA36228188CB6002A630E /* Release */ = {
			isa = XCBuildConfiguration;
			buildSettings = {
				ALWAYS_SEARCH_USER_PATHS = NO;
				CLANG_ANALYZER_NONNULL = YES;
				CLANG_ANALYZER_NUMBER_OBJECT_CONVERSION = YES_AGGRESSIVE;
				CLANG_CXX_LANGUAGE_STANDARD = "gnu++17";
				CLANG_CXX_LIBRARY = "libc++";
				CLANG_ENABLE_MODULES = YES;
				CLANG_ENABLE_OBJC_ARC = YES;
				CLANG_ENABLE_OBJC_WEAK = YES;
				CLANG_WARN_BLOCK_CAPTURE_AUTORELEASING = YES;
				CLANG_WARN_BOOL_CONVERSION = YES;
				CLANG_WARN_COMMA = YES;
				CLANG_WARN_CONSTANT_CONVERSION = YES;
				CLANG_WARN_DEPRECATED_OBJC_IMPLEMENTATIONS = YES;
				CLANG_WARN_DIRECT_OBJC_ISA_USAGE = YES_ERROR;
				CLANG_WARN_DOCUMENTATION_COMMENTS = YES;
				CLANG_WARN_EMPTY_BODY = YES;
				CLANG_WARN_ENUM_CONVERSION = YES;
				CLANG_WARN_INFINITE_RECURSION = YES;
				CLANG_WARN_INT_CONVERSION = YES;
				CLANG_WARN_NON_LITERAL_NULL_CONVERSION = YES;
				CLANG_WARN_OBJC_IMPLICIT_RETAIN_SELF = YES;
				CLANG_WARN_OBJC_LITERAL_CONVERSION = YES;
				CLANG_WARN_OBJC_ROOT_CLASS = YES_ERROR;
				CLANG_WARN_QUOTED_INCLUDE_IN_FRAMEWORK_HEADER = YES;
				CLANG_WARN_RANGE_LOOP_ANALYSIS = YES;
				CLANG_WARN_STRICT_PROTOTYPES = YES;
				CLANG_WARN_SUSPICIOUS_MOVE = YES;
				CLANG_WARN_UNGUARDED_AVAILABILITY = YES_AGGRESSIVE;
				CLANG_WARN_UNREACHABLE_CODE = YES;
				CLANG_WARN__DUPLICATE_METHOD_MATCH = YES;
				COPY_PHASE_STRIP = NO;
				DEBUG_INFORMATION_FORMAT = "dwarf-with-dsym";
				ENABLE_NS_ASSERTIONS = NO;
				ENABLE_STRICT_OBJC_MSGSEND = YES;
				GCC_C_LANGUAGE_STANDARD = gnu11;
				GCC_NO_COMMON_BLOCKS = YES;
				GCC_WARN_64_TO_32_BIT_CONVERSION = YES;
				GCC_WARN_ABOUT_RETURN_TYPE = YES_ERROR;
				GCC_WARN_UNDECLARED_SELECTOR = YES;
				GCC_WARN_UNINITIALIZED_AUTOS = YES_AGGRESSIVE;
				GCC_WARN_UNUSED_FUNCTION = YES;
				GCC_WARN_UNUSED_VARIABLE = YES;
				IPHONEOS_DEPLOYMENT_TARGET = 15.2;
				MTL_ENABLE_DEBUG_INFO = NO;
				MTL_FAST_MATH = YES;
				SDKROOT = iphoneos;
				SWIFT_COMPILATION_MODE = wholemodule;
				SWIFT_OPTIMIZATION_LEVEL = "-O";
				VALIDATE_PRODUCT = YES;
			};
			name = Release;
		};
		F6CAA36428188CB6002A630E /* Debug */ = {
			isa = XCBuildConfiguration;
			baseConfigurationReference = 7CFF0BA4D7F6F32CA0AA52AF /* Pods-fireBasePrac.debug.xcconfig */;
			buildSettings = {
				ASSETCATALOG_COMPILER_APPICON_NAME = AppIcon;
				ASSETCATALOG_COMPILER_GLOBAL_ACCENT_COLOR_NAME = AccentColor;
				CODE_SIGN_STYLE = Automatic;
				CURRENT_PROJECT_VERSION = 1;
				DEVELOPMENT_TEAM = 55AU2SQW7Z;
				GENERATE_INFOPLIST_FILE = YES;
				INFOPLIST_FILE = fireBasePrac/Info.plist;
				INFOPLIST_KEY_UIApplicationSupportsIndirectInputEvents = YES;
				INFOPLIST_KEY_UILaunchStoryboardName = LaunchScreen;
				INFOPLIST_KEY_UIMainStoryboardFile = Main;
				INFOPLIST_KEY_UISupportedInterfaceOrientations_iPad = "UIInterfaceOrientationPortrait UIInterfaceOrientationPortraitUpsideDown UIInterfaceOrientationLandscapeLeft UIInterfaceOrientationLandscapeRight";
				INFOPLIST_KEY_UISupportedInterfaceOrientations_iPhone = "UIInterfaceOrientationPortrait UIInterfaceOrientationLandscapeLeft UIInterfaceOrientationLandscapeRight";
				LD_RUNPATH_SEARCH_PATHS = (
					"$(inherited)",
					"@executable_path/Frameworks",
				);
				MARKETING_VERSION = 1.0;
				PRODUCT_BUNDLE_IDENTIFIER = "personalWebSite-io.github.matheuszanivan.fireBasePrac";
				PRODUCT_NAME = "$(TARGET_NAME)";
				SWIFT_EMIT_LOC_STRINGS = YES;
				SWIFT_VERSION = 5.0;
				TARGETED_DEVICE_FAMILY = "1,2";
			};
			name = Debug;
		};
		F6CAA36528188CB6002A630E /* Release */ = {
			isa = XCBuildConfiguration;
			baseConfigurationReference = 464CD1A2FA05034E34208A87 /* Pods-fireBasePrac.release.xcconfig */;
			buildSettings = {
				ASSETCATALOG_COMPILER_APPICON_NAME = AppIcon;
				ASSETCATALOG_COMPILER_GLOBAL_ACCENT_COLOR_NAME = AccentColor;
				CODE_SIGN_STYLE = Automatic;
				CURRENT_PROJECT_VERSION = 1;
				DEVELOPMENT_TEAM = 55AU2SQW7Z;
				GENERATE_INFOPLIST_FILE = YES;
				INFOPLIST_FILE = fireBasePrac/Info.plist;
				INFOPLIST_KEY_UIApplicationSupportsIndirectInputEvents = YES;
				INFOPLIST_KEY_UILaunchStoryboardName = LaunchScreen;
				INFOPLIST_KEY_UIMainStoryboardFile = Main;
				INFOPLIST_KEY_UISupportedInterfaceOrientations_iPad = "UIInterfaceOrientationPortrait UIInterfaceOrientationPortraitUpsideDown UIInterfaceOrientationLandscapeLeft UIInterfaceOrientationLandscapeRight";
				INFOPLIST_KEY_UISupportedInterfaceOrientations_iPhone = "UIInterfaceOrientationPortrait UIInterfaceOrientationLandscapeLeft UIInterfaceOrientationLandscapeRight";
				LD_RUNPATH_SEARCH_PATHS = (
					"$(inherited)",
					"@executable_path/Frameworks",
				);
				MARKETING_VERSION = 1.0;
				PRODUCT_BUNDLE_IDENTIFIER = "personalWebSite-io.github.matheuszanivan.fireBasePrac";
				PRODUCT_NAME = "$(TARGET_NAME)";
				SWIFT_EMIT_LOC_STRINGS = YES;
				SWIFT_VERSION = 5.0;
				TARGETED_DEVICE_FAMILY = "1,2";
			};
			name = Release;
		};
/* End XCBuildConfiguration section */

/* Begin XCConfigurationList section */
		F6CAA34A28188CB4002A630E /* Build configuration list for PBXProject "fireBasePrac" */ = {
			isa = XCConfigurationList;
			buildConfigurations = (
				F6CAA36128188CB6002A630E /* Debug */,
				F6CAA36228188CB6002A630E /* Release */,
			);
			defaultConfigurationIsVisible = 0;
			defaultConfigurationName = Release;
		};
		F6CAA36328188CB6002A630E /* Build configuration list for PBXNativeTarget "fireBasePrac" */ = {
			isa = XCConfigurationList;
			buildConfigurations = (
				F6CAA36428188CB6002A630E /* Debug */,
				F6CAA36528188CB6002A630E /* Release */,
			);
			defaultConfigurationIsVisible = 0;
			defaultConfigurationName = Release;
		};
/* End XCConfigurationList section */
	};
	rootObject = F6CAA34728188CB4002A630E /* Project object */;
}
